
Microsoft Visual Studio Solution File, Format Version 12.00
# Visual Studio Version 17
VisualStudioVersion = 17.3.32929.385
MinimumVisualStudioVersion = 10.0.40219.1
Project("{FAE04EC0-301F-11D3-BF4B-00C04F79EFBC}") = "Exec_DeclareClass", "Exec_DeclareClass\Exec_DeclareClass.csproj", "{9A824E32-8EC5-47D9-8AF8-AD7D8357A527}"
EndProject
Global
	GlobalSection(SolutionConfigurationPlatforms) = preSolution
		Debug|Any CPU = Debug|Any CPU
		Release|Any CPU = Release|Any CPU
	EndGlobalSection
	GlobalSection(ProjectConfigurationPlatforms) = postSolution
		{9A824E32-8EC5-47D9-8AF8-AD7D8357A527}.Debug|Any CPU.ActiveCfg = Debug|Any CPU
		{9A824E32-8EC5-47D9-8AF8-AD7D8357A527}.Debug|Any CPU.Build.0 = Debug|Any CPU
		{9A824E32-8EC5-47D9-8AF8-AD7D8357A527}.Release|Any CPU.ActiveCfg = Release|Any CPU
		{9A824E32-8EC5-47D9-8AF8-AD7D8357A527}.Release|Any CPU.Build.0 = Release|Any CPU
	EndGlobalSection
	GlobalSection(SolutionProperties) = preSolution
		HideSolutionNode = FALSE
	EndGlobalSection
	GlobalSection(ExtensibilityGlobals) = postSolution
		SolutionGuid = {9BE8DA6D-04F3-4322-A849-B67B6E72E86B}
	EndGlobalSection
EndGlobal
